
Microsoft Visual Studio Solution File, Format Version 12.00
# Visual Studio Version 16
VisualStudioVersion = 16.0.31702.278
MinimumVisualStudioVersion = 10.0.40219.1
Project("{FAE04EC0-301F-11D3-BF4B-00C04F79EFBC}") = "GerarPDF", "GerarPDF.csproj", "{11C2AF26-8CF8-477D-A9CE-2368A735CAFB}"
EndProject
Global
	GlobalSection(SolutionConfigurationPlatforms) = preSolution
		Debug|Any CPU = Debug|Any CPU
		Release|Any CPU = Release|Any CPU
	EndGlobalSection
	GlobalSection(ProjectConfigurationPlatforms) = postSolution
		{11C2AF26-8CF8-477D-A9CE-2368A735CAFB}.Debug|Any CPU.ActiveCfg = Debug|Any CPU
		{11C2AF26-8CF8-477D-A9CE-2368A735CAFB}.Debug|Any CPU.Build.0 = Debug|Any CPU
		{11C2AF26-8CF8-477D-A9CE-2368A735CAFB}.Release|Any CPU.ActiveCfg = Release|Any CPU
		{11C2AF26-8CF8-477D-A9CE-2368A735CAFB}.Release|Any CPU.Build.0 = Release|Any CPU
	EndGlobalSection
	GlobalSection(SolutionProperties) = preSolution
		HideSolutionNode = FALSE
	EndGlobalSection
	GlobalSection(ExtensibilityGlobals) = postSolution
		SolutionGuid = {FE85F524-F93C-46CF-8D6B-7D2A46049A26}
	EndGlobalSection
EndGlobal
